
Microsoft Visual Studio Solution File, Format Version 11.00
# Visual Studio 2010
Project("{FAE04EC0-301F-11D3-BF4B-00C04F79EFBC}") = "Assembly-CSharp", "Assembly-CSharp.csproj", "{44ED1DD2-03B8-EA87-5BE8-09AE69D4AA04}"
EndProject
Project("{FAE04EC0-301F-11D3-BF4B-00C04F79EFBC}") = "Assembly-CSharp-firstpass", "Assembly-CSharp-firstpass.csproj", "{9E53EAF5-A449-E905-99D8-9D3E5E6D0D38}"
EndProject
Project("{FAE04EC0-301F-11D3-BF4B-00C04F79EFBC}") = "Assembly-CSharp-Editor", "Assembly-CSharp-Editor.csproj", "{77F2D6B0-DE70-D57D-7F11-8A4DE70F92FA}"
EndProject
Project("{FAE04EC0-301F-11D3-BF4B-00C04F79EFBC}") = "Assembly-CSharp-Editor-firstpass", "Assembly-CSharp-Editor-firstpass.csproj", "{B29E894F-D3A4-F1C8-7D02-51A83FAEEA10}"
EndProject
Global
	GlobalSection(SolutionConfigurationPlatforms) = preSolution
		Debug|Any CPU = Debug|Any CPU
		Release|Any CPU = Release|Any CPU
	EndGlobalSection
	GlobalSection(ProjectConfigurationPlatforms) = postSolution
		{44ED1DD2-03B8-EA87-5BE8-09AE69D4AA04}.Debug|Any CPU.ActiveCfg = Debug|Any CPU
		{44ED1DD2-03B8-EA87-5BE8-09AE69D4AA04}.Debug|Any CPU.Build.0 = Debug|Any CPU
		{44ED1DD2-03B8-EA87-5BE8-09AE69D4AA04}.Release|Any CPU.ActiveCfg = Release|Any CPU
		{44ED1DD2-03B8-EA87-5BE8-09AE69D4AA04}.Release|Any CPU.Build.0 = Release|Any CPU
		{9E53EAF5-A449-E905-99D8-9D3E5E6D0D38}.Debug|Any CPU.ActiveCfg = Debug|Any CPU
		{9E53EAF5-A449-E905-99D8-9D3E5E6D0D38}.Debug|Any CPU.Build.0 = Debug|Any CPU
		{9E53EAF5-A449-E905-99D8-9D3E5E6D0D38}.Release|Any CPU.ActiveCfg = Release|Any CPU
		{9E53EAF5-A449-E905-99D8-9D3E5E6D0D38}.Release|Any CPU.Build.0 = Release|Any CPU
		{77F2D6B0-DE70-D57D-7F11-8A4DE70F92FA}.Debug|Any CPU.ActiveCfg = Debug|Any CPU
		{77F2D6B0-DE70-D57D-7F11-8A4DE70F92FA}.Debug|Any CPU.Build.0 = Debug|Any CPU
		{77F2D6B0-DE70-D57D-7F11-8A4DE70F92FA}.Release|Any CPU.ActiveCfg = Release|Any CPU
		{77F2D6B0-DE70-D57D-7F11-8A4DE70F92FA}.Release|Any CPU.Build.0 = Release|Any CPU
		{B29E894F-D3A4-F1C8-7D02-51A83FAEEA10}.Debug|Any CPU.ActiveCfg = Debug|Any CPU
		{B29E894F-D3A4-F1C8-7D02-51A83FAEEA10}.Debug|Any CPU.Build.0 = Debug|Any CPU
		{B29E894F-D3A4-F1C8-7D02-51A83FAEEA10}.Release|Any CPU.ActiveCfg = Release|Any CPU
		{B29E894F-D3A4-F1C8-7D02-51A83FAEEA10}.Release|Any CPU.Build.0 = Release|Any CPU
	EndGlobalSection
	GlobalSection(SolutionProperties) = preSolution
		HideSolutionNode = FALSE
	EndGlobalSection
	GlobalSection(MonoDevelopProperties) = preSolution
		StartupItem = Assembly-CSharp.csproj
	EndGlobalSection
EndGlobal
